
Microsoft Visual Studio Solution File, Format Version 12.00
# Visual Studio Version 16
VisualStudioVersion = 16.0.31624.102
MinimumVisualStudioVersion = 10.0.40219.1
Project("{FAE04EC0-301F-11D3-BF4B-00C04F79EFBC}") = "FileReader", "FileReader.csproj", "{FA700639-1627-4E78-B33C-60419CB3EF71}"
EndProject
Project("{FAE04EC0-301F-11D3-BF4B-00C04F79EFBC}") = "FileReader.UnitTests", "..\FileReader.UnitTests\FileReader.UnitTests.csproj", "{2988755F-D869-434F-91E5-34EECC7331D4}"
EndProject
Global
	GlobalSection(SolutionConfigurationPlatforms) = preSolution
		Debug|Any CPU = Debug|Any CPU
		Release|Any CPU = Release|Any CPU
	EndGlobalSection
	GlobalSection(ProjectConfigurationPlatforms) = postSolution
		{FA700639-1627-4E78-B33C-60419CB3EF71}.Debug|Any CPU.ActiveCfg = Debug|Any CPU
		{FA700639-1627-4E78-B33C-60419CB3EF71}.Debug|Any CPU.Build.0 = Debug|Any CPU
		{FA700639-1627-4E78-B33C-60419CB3EF71}.Release|Any CPU.ActiveCfg = Release|Any CPU
		{FA700639-1627-4E78-B33C-60419CB3EF71}.Release|Any CPU.Build.0 = Release|Any CPU
		{2988755F-D869-434F-91E5-34EECC7331D4}.Debug|Any CPU.ActiveCfg = Debug|Any CPU
		{2988755F-D869-434F-91E5-34EECC7331D4}.Debug|Any CPU.Build.0 = Debug|Any CPU
		{2988755F-D869-434F-91E5-34EECC7331D4}.Release|Any CPU.ActiveCfg = Release|Any CPU
		{2988755F-D869-434F-91E5-34EECC7331D4}.Release|Any CPU.Build.0 = Release|Any CPU
	EndGlobalSection
	GlobalSection(SolutionProperties) = preSolution
		HideSolutionNode = FALSE
	EndGlobalSection
	GlobalSection(ExtensibilityGlobals) = postSolution
		SolutionGuid = {5ED7DA83-2F5B-4F6F-9FF6-D4CAE6F84FE3}
	EndGlobalSection
EndGlobal
